{
    "version": 3,
    "terraform_version": "0.9.0",
    "serial": 0,
    "lineage": "608a075d-602e-455b-83aa-311e96e7aae4",
    "modules": [
        {
            "path": [
                "root"
            ],
            "outputs": {},
            "resources": {
                "data.ibmcloud_infra_ssh_key.mykey": {
                    "type": "ibmcloud_infra_ssh_key",
                    "depends_on": [],
                    "primary": {
                        "id": "816357",
                        "attributes": {
                            "fingerprint": "d1:db:e1:6d:1f:72:41:f3:45:04:d2:5a:ac:4d:77:f9",
                            "id": "816357",
                            "label": "mykey",
                            "most_recent": "false",
                            "notes": "demo",
                            "public_key": "ssh-rsa AAAAB3NzaC1yc2EAAAADAQABAAABAQC1tjMAYYeafP7lYGT3Up2zHrZJXoZuNp1zlGPDqC/WDyOIRw/tqtx1/9TebwPqK4c0+7/Ab6hxR79U0HwlsnMTpHE7MnpUuXenjEhqzJUcmEYV68COSfAVFl9Rv6LnLWRbbZGk5znHAAMe/EKVmwTZWOGrUiSDDLji5vzgQpq9CN4KZT2RcWDuSYMkOdFgECLAxXzFQY5qGlccmTLRzsMkgjK+qfE29jdCcZeOhToBtNADxEo3Uqt9wL8Qr0cNqi+vNDwk0PlfV3B0gbgNLXq2TLqR0mBQ52N6uzMahBVzp9NKDyA9wdc/uLUKlOXH3gwWCovv4+/SxnqQPggNHC0T kubik@oc8287461443.ibm.com"
                        },
                        "meta": {},
                        "tainted": false
                    },
                    "deposed": [],
                    "provider": ""
                },
                "ibmcloud_infra_virtual_guest.manager": {
                    "type": "ibmcloud_infra_virtual_guest",
                    "depends_on": [
                        "data.ibmcloud_infra_ssh_key.mykey"
                    ],
                    "primary": {
                        "id": "29505377",
                        "attributes": {
                            "cores": "1",
                            "datacenter": "dal10",
                            "dedicated_acct_host_only": "false",
                            "domain": "demo.com",
                            "hostname": "docker-swarm-manager",
                            "hourly_billing": "true",
                            "id": "29505377",
                            "ip_address_id": "71867063",
                            "ip_address_id_private": "71867149",
                            "ipv4_address": "169.46.56.102",
                            "ipv4_address_private": "10.177.138.153",
                            "ipv6_enabled": "false",
                            "local_disk": "true",
                            "memory": "1024",
                            "network_speed": "100",
                            "os_reference_code": "UBUNTU_LATEST",
                            "private_network_only": "false",
                            "private_subnet": "10.177.138.128/26",
                            "private_vlan_id": "1547903",
                            "public_subnet": "169.46.56.96/28",
                            "public_vlan_id": "1547901",
                            "secondary_ip_addresses.#": "0",
                            "ssh_key_ids.#": "1",
                            "ssh_key_ids.0": "816357",
                            "wait_time_minutes": "90"
                        },
                        "meta": {},
                        "tainted": false
                    },
                    "deposed": [],
                    "provider": ""
                },
                "ibmcloud_infra_virtual_guest.worker.0": {
                    "type": "ibmcloud_infra_virtual_guest",
                    "depends_on": [
                        "data.ibmcloud_infra_ssh_key.mykey",
                        "ibmcloud_infra_virtual_guest.manager"
                    ],
                    "primary": {
                        "id": "29505463",
                        "attributes": {
                            "cores": "1",
                            "datacenter": "dal10",
                            "dedicated_acct_host_only": "false",
                            "domain": "demo.com",
                            "hostname": "docker-swarm-worker0",
                            "hourly_billing": "true",
                            "id": "29505463",
                            "ip_address_id": "71867055",
                            "ip_address_id_private": "71867151",
                            "ipv4_address": "169.46.56.98",
                            "ipv4_address_private": "10.177.138.154",
                            "ipv6_enabled": "false",
                            "local_disk": "true",
                            "memory": "1024",
                            "network_speed": "100",
                            "os_reference_code": "UBUNTU_LATEST",
                            "private_network_only": "false",
                            "private_subnet": "10.177.138.128/26",
                            "private_vlan_id": "1547903",
                            "public_subnet": "169.46.56.96/28",
                            "public_vlan_id": "1547901",
                            "secondary_ip_addresses.#": "0",
                            "ssh_key_ids.#": "1",
                            "ssh_key_ids.0": "816357",
                            "wait_time_minutes": "90"
                        },
                        "meta": {},
                        "tainted": false
                    },
                    "deposed": [],
                    "provider": ""
                },
                "ibmcloud_infra_virtual_guest.worker.1": {
                    "type": "ibmcloud_infra_virtual_guest",
                    "depends_on": [
                        "data.ibmcloud_infra_ssh_key.mykey",
                        "ibmcloud_infra_virtual_guest.manager"
                    ],
                    "primary": {
                        "id": "29505471",
                        "attributes": {
                            "cores": "1",
                            "datacenter": "dal10",
                            "dedicated_acct_host_only": "false",
                            "domain": "demo.com",
                            "hostname": "docker-swarm-worker1",
                            "hourly_billing": "true",
                            "id": "29505471",
                            "ip_address_id": "71867077",
                            "ip_address_id_private": "71867167",
                            "ipv4_address": "169.46.56.109",
                            "ipv4_address_private": "10.177.138.162",
                            "ipv6_enabled": "false",
                            "local_disk": "true",
                            "memory": "1024",
                            "network_speed": "100",
                            "os_reference_code": "UBUNTU_LATEST",
                            "private_network_only": "false",
                            "private_subnet": "10.177.138.128/26",
                            "private_vlan_id": "1547903",
                            "public_subnet": "169.46.56.96/28",
                            "public_vlan_id": "1547901",
                            "secondary_ip_addresses.#": "0",
                            "ssh_key_ids.#": "1",
                            "ssh_key_ids.0": "816357",
                            "wait_time_minutes": "90"
                        },
                        "meta": {},
                        "tainted": false
                    },
                    "deposed": [],
                    "provider": ""
                },
                "ibmcloud_infra_virtual_guest.worker.2": {
                    "type": "ibmcloud_infra_virtual_guest",
                    "depends_on": [
                        "data.ibmcloud_infra_ssh_key.mykey",
                        "ibmcloud_infra_virtual_guest.manager"
                    ],
                    "primary": {
                        "id": "29505465",
                        "attributes": {
                            "cores": "1",
                            "datacenter": "dal10",
                            "dedicated_acct_host_only": "false",
                            "domain": "demo.com",
                            "hostname": "docker-swarm-worker2",
                            "hourly_billing": "true",
                            "id": "29505465",
                            "ip_address_id": "71867057",
                            "ip_address_id_private": "71867195",
                            "ipv4_address": "169.46.56.99",
                            "ipv4_address_private": "10.177.138.176",
                            "ipv6_enabled": "false",
                            "local_disk": "true",
                            "memory": "1024",
                            "network_speed": "100",
                            "os_reference_code": "UBUNTU_LATEST",
                            "private_network_only": "false",
                            "private_subnet": "10.177.138.128/26",
                            "private_vlan_id": "1547903",
                            "public_subnet": "169.46.56.96/28",
                            "public_vlan_id": "1547901",
                            "secondary_ip_addresses.#": "0",
                            "ssh_key_ids.#": "1",
                            "ssh_key_ids.0": "816357",
                            "wait_time_minutes": "90"
                        },
                        "meta": {},
                        "tainted": false
                    },
                    "deposed": [],
                    "provider": ""
                },
                "ibmcloud_infra_virtual_guest.worker.3": {
                    "type": "ibmcloud_infra_virtual_guest",
                    "depends_on": [
                        "data.ibmcloud_infra_ssh_key.mykey",
                        "ibmcloud_infra_virtual_guest.manager"
                    ],
                    "primary": {
                        "id": "29505469",
                        "attributes": {
                            "cores": "1",
                            "datacenter": "dal10",
                            "dedicated_acct_host_only": "false",
                            "domain": "demo.com",
                            "hostname": "docker-swarm-worker3",
                            "hourly_billing": "true",
                            "id": "29505469",
                            "ip_address_id": "71867073",
                            "ip_address_id_private": "71867175",
                            "ipv4_address": "169.46.56.107",
                            "ipv4_address_private": "10.177.138.166",
                            "ipv6_enabled": "false",
                            "local_disk": "true",
                            "memory": "1024",
                            "network_speed": "100",
                            "os_reference_code": "UBUNTU_LATEST",
                            "private_network_only": "false",
                            "private_subnet": "10.177.138.128/26",
                            "private_vlan_id": "1547903",
                            "public_subnet": "169.46.56.96/28",
                            "public_vlan_id": "1547901",
                            "secondary_ip_addresses.#": "0",
                            "ssh_key_ids.#": "1",
                            "ssh_key_ids.0": "816357",
                            "wait_time_minutes": "90"
                        },
                        "meta": {},
                        "tainted": false
                    },
                    "deposed": [],
                    "provider": ""
                },
                "ibmcloud_infra_virtual_guest.worker.4": {
                    "type": "ibmcloud_infra_virtual_guest",
                    "depends_on": [
                        "data.ibmcloud_infra_ssh_key.mykey",
                        "ibmcloud_infra_virtual_guest.manager"
                    ],
                    "primary": {
                        "id": "29505461",
                        "attributes": {
                            "cores": "1",
                            "datacenter": "dal10",
                            "dedicated_acct_host_only": "false",
                            "domain": "demo.com",
                            "hostname": "docker-swarm-worker4",
                            "hourly_billing": "true",
                            "id": "29505461",
                            "ip_address_id": "71867065",
                            "ip_address_id_private": "71867203",
                            "ipv4_address": "169.46.56.103",
                            "ipv4_address_private": "10.177.138.180",
                            "ipv6_enabled": "false",
                            "local_disk": "true",
                            "memory": "1024",
                            "network_speed": "100",
                            "os_reference_code": "UBUNTU_LATEST",
                            "private_network_only": "false",
                            "private_subnet": "10.177.138.128/26",
                            "private_vlan_id": "1547903",
                            "public_subnet": "169.46.56.96/28",
                            "public_vlan_id": "1547901",
                            "secondary_ip_addresses.#": "0",
                            "ssh_key_ids.#": "1",
                            "ssh_key_ids.0": "816357",
                            "wait_time_minutes": "90"
                        },
                        "meta": {},
                        "tainted": false
                    },
                    "deposed": [],
                    "provider": ""
                }
            },
            "depends_on": []
        }
    ]
}
